
Microsoft Visual Studio Solution File, Format Version 12.00
# Visual Studio Version 16
VisualStudioVersion = 16.0.29905.134
MinimumVisualStudioVersion = 10.0.40219.1
Project("{FAE04EC0-301F-11D3-BF4B-00C04F79EFBC}") = "k9 windows", "k9 windows\k9 windows.csproj", "{5AADABE0-8586-4A6E-A239-2F38D306E631}"
EndProject
Global
	GlobalSection(SolutionConfigurationPlatforms) = preSolution
		Debug|Any CPU = Debug|Any CPU
		Release|Any CPU = Release|Any CPU
	EndGlobalSection
	GlobalSection(ProjectConfigurationPlatforms) = postSolution
		{5AADABE0-8586-4A6E-A239-2F38D306E631}.Debug|Any CPU.ActiveCfg = Debug|Any CPU
		{5AADABE0-8586-4A6E-A239-2F38D306E631}.Debug|Any CPU.Build.0 = Debug|Any CPU
		{5AADABE0-8586-4A6E-A239-2F38D306E631}.Release|Any CPU.ActiveCfg = Release|Any CPU
		{5AADABE0-8586-4A6E-A239-2F38D306E631}.Release|Any CPU.Build.0 = Release|Any CPU
	EndGlobalSection
	GlobalSection(SolutionProperties) = preSolution
		HideSolutionNode = FALSE
	EndGlobalSection
	GlobalSection(ExtensibilityGlobals) = postSolution
		SolutionGuid = {C8A875A7-CCF4-41A2-964E-D21333334DA1}
	EndGlobalSection
EndGlobal
